<?xml version="1.0" encoding="utf-8"?>
<Project ToolsVersion="4.0" xmlns="http://schemas.microsoft.com/developer/msbuild/2003">
  <ItemGroup>
    <Filter Include="源文件">
      <UniqueIdentifier>{4FC737F1-C7A5-4376-A066-2A32D752A2FF}</UniqueIdentifier>
      <Extensions>cpp;c;cc;cxx;def;odl;idl;hpj;bat;asm;asmx</Extensions>
    </Filter>
    <Filter Include="头文件">
      <UniqueIdentifier>{93995380-89BD-4b04-88EB-625FBE52EBFB}</UniqueIdentifier>
      <Extensions>h;hh;hpp;hxx;hm;inl;inc;xsd</Extensions>
    </Filter>
    <Filter Include="资源文件">
      <UniqueIdentifier>{67DA6AB6-F800-4c08-8B7A-83BB121AAD01}</UniqueIdentifier>
      <Extensions>rc;ico;cur;bmp;dlg;rc2;rct;bin;rgs;gif;jpg;jpeg;jpe;resx;tiff;tif;png;wav;mfcribbon-ms</Extensions>
    </Filter>
    <Filter Include="头文件\Utils">
      <UniqueIdentifier>{db7a0bea-15e3-4cbd-8b59-11607e978909}</UniqueIdentifier>
    </Filter>
    <Filter Include="头文件\LcmType">
      <UniqueIdentifier>{f8311bd3-13cc-4f4b-a829-b8bfd2850446}</UniqueIdentifier>
    </Filter>
  </ItemGroup>
  <ItemGroup>
    <ClCompile Include="main.cpp">
      <Filter>源文件</Filter>
    </ClCompile>
    <ClCompile Include="CoordTransform.cpp">
      <Filter>头文件\Utils</Filter>
    </ClCompile>
    <ClCompile Include="DataCenter.cpp">
      <Filter>源文件</Filter>
    </ClCompile>
    <ClCompile Include="GaussProjection.cpp">
      <Filter>源文件</Filter>
    </ClCompile>
    <ClCompile Include="testModule.cpp">
      <Filter>源文件</Filter>
    </ClCompile>
    <ClCompile Include="testGit.cpp">
      <Filter>源文件</Filter>
    </ClCompile>
    <ClCompile Include="BaseAngle.cpp">
      <Filter>源文件</Filter>
    </ClCompile>
    <ClCompile Include="LoopThread.cpp">
      <Filter>头文件\Utils</Filter>
    </ClCompile>
  </ItemGroup>
  <ItemGroup>
    <ClInclude Include="CoordTransform.h">
      <Filter>头文件\Utils</Filter>
    </ClInclude>
    <ClInclude Include="BaseAngle.h">
      <Filter>头文件</Filter>
    </ClInclude>
    <ClInclude Include="BaseType.h">
      <Filter>头文件</Filter>
    </ClInclude>
    <ClInclude Include="DataCenter.h">
      <Filter>头文件</Filter>
    </ClInclude>
    <ClInclude Include="GaussProjection.h">
      <Filter>头文件</Filter>
    </ClInclude>
    <ClInclude Include="testModule.h">
      <Filter>头文件</Filter>
    </ClInclude>
    <ClInclude Include="testGit.h">
      <Filter>头文件</Filter>
    </ClInclude>
    <ClInclude Include="lcmtype\controlcommand_t.hpp">
      <Filter>头文件\LcmType</Filter>
    </ClInclude>
    <ClInclude Include="lcmtype\LcmType_Handler.h">
      <Filter>头文件\LcmType</Filter>
    </ClInclude>
    <ClInclude Include="lcmtype\Location_t.hpp">
      <Filter>头文件\LcmType</Filter>
    </ClInclude>
    <ClInclude Include="lcmtype\StatusBody_t.hpp">
      <Filter>头文件\LcmType</Filter>
    </ClInclude>
    <ClInclude Include="LoopThread.h">
      <Filter>头文件\Utils</Filter>
    </ClInclude>
    <ClInclude Include="lcmtype\LcmRecvHelper.h">
      <Filter>头文件\LcmType</Filter>
    </ClInclude>
  </ItemGroup>
</Project>